
Microsoft Visual Studio Solution File, Format Version 12.00
# Visual Studio Version 16
VisualStudioVersion = 16.0.29613.14
MinimumVisualStudioVersion = 10.0.40219.1
Project("{FAE04EC0-301F-11D3-BF4B-00C04F79EFBC}") = "ocrisbn", "ocrisbn.csproj", "{DE58194B-BD76-4EFE-B995-4318CF0949B8}"
EndProject
Global
	GlobalSection(SolutionConfigurationPlatforms) = preSolution
		Debug|Any CPU = Debug|Any CPU
		Release|Any CPU = Release|Any CPU
	EndGlobalSection
	GlobalSection(ProjectConfigurationPlatforms) = postSolution
		{DE58194B-BD76-4EFE-B995-4318CF0949B8}.Debug|Any CPU.ActiveCfg = Debug|Any CPU
		{DE58194B-BD76-4EFE-B995-4318CF0949B8}.Debug|Any CPU.Build.0 = Debug|Any CPU
		{DE58194B-BD76-4EFE-B995-4318CF0949B8}.Release|Any CPU.ActiveCfg = Release|Any CPU
		{DE58194B-BD76-4EFE-B995-4318CF0949B8}.Release|Any CPU.Build.0 = Release|Any CPU
	EndGlobalSection
	GlobalSection(SolutionProperties) = preSolution
		HideSolutionNode = FALSE
	EndGlobalSection
	GlobalSection(ExtensibilityGlobals) = postSolution
		SolutionGuid = {4561C79D-F6B2-4331-AB06-48E9019727D7}
	EndGlobalSection
EndGlobal
